
Microsoft Visual Studio Solution File, Format Version 12.00
# Visual Studio Version 16
VisualStudioVersion = 16.0.29709.97
MinimumVisualStudioVersion = 10.0.40219.1
Project("{FAE04EC0-301F-11D3-BF4B-00C04F79EFBC}") = "OddCalculator", "OddCalculator\OddCalculator.csproj", "{E5481F7A-B21A-474F-9660-97A3BEBEFD22}"
EndProject
Global
	GlobalSection(SolutionConfigurationPlatforms) = preSolution
		Debug|Any CPU = Debug|Any CPU
		Release|Any CPU = Release|Any CPU
	EndGlobalSection
	GlobalSection(ProjectConfigurationPlatforms) = postSolution
		{E5481F7A-B21A-474F-9660-97A3BEBEFD22}.Debug|Any CPU.ActiveCfg = Debug|Any CPU
		{E5481F7A-B21A-474F-9660-97A3BEBEFD22}.Debug|Any CPU.Build.0 = Debug|Any CPU
		{E5481F7A-B21A-474F-9660-97A3BEBEFD22}.Release|Any CPU.ActiveCfg = Release|Any CPU
		{E5481F7A-B21A-474F-9660-97A3BEBEFD22}.Release|Any CPU.Build.0 = Release|Any CPU
	EndGlobalSection
	GlobalSection(SolutionProperties) = preSolution
		HideSolutionNode = FALSE
	EndGlobalSection
	GlobalSection(ExtensibilityGlobals) = postSolution
		SolutionGuid = {4B1140CC-F47F-454B-933B-CBFBE694B2A6}
	EndGlobalSection
EndGlobal
